{
  "name": "contentful-extension-deep-jmcoder12",
  "version": "1.0.0",
  "lockfileVersion": 2,
  "requires": true,
  "packages": {
    "": {
      "dependencies": {
        "@contentful/app-sdk": "^4.3.1"
      }
    },
    "node_modules/@contentful/app-sdk": {
      "version": "4.3.1",
      "resolved": "https://registry.npmjs.org/@contentful/app-sdk/-/app-sdk-4.3.1.tgz",
      "integrity": "sha512-Fr8+sgvtZaDffHyYHI+So7S7CV9nmLVx9d3ebcHAdTip5nRYQV/HpKH3JdFYjNyCixOISa9SZ5BnxF8IgQHGSQ==",
      "peerDependencies": {
        "contentful-management": "^7.30.0"
      }
    },
    "node_modules/@types/json-patch": {
      "version": "0.0.30",
      "resolved": "https://registry.npmjs.org/@types/json-patch/-/json-patch-0.0.30.tgz",
      "integrity": "sha512-MhCUjojzDhVLnZnxwPwa+rETFRDQ0ffjxYdrqOP6TBO2O0/Z64PV5tNeYApo4bc4y4frbWOrRwv/eEkXlI13Rw==",
      "peer": true
    },
    "node_modules/axios": {
      "version": "0.21.4",
      "resolved": "https://registry.npmjs.org/axios/-/axios-0.21.4.tgz",
      "integrity": "sha512-ut5vewkiu8jjGBdqpM44XxjuCjq9LAKeHVmoVfHVzy8eHgxxq8SbAVQNovDA8mVi05kP0Ea/n/UzcSHcTJQfNg==",
      "peer": true,
      "dependencies": {
        "follow-redirects": "^1.14.0"
      }
    },
    "node_modules/call-bind": {
      "version": "1.0.2",
      "resolved": "https://registry.npmjs.org/call-bind/-/call-bind-1.0.2.tgz",
      "integrity": "sha512-7O+FbCihrB5WGbFYesctwmTKae6rOiIzmz1icreWJ+0aA7LJfuqhEso2T9ncpcFtzMQtzXf2QGGueWJGTYsqrA==",
      "peer": true,
      "dependencies": {
        "function-bind": "^1.1.1",
        "get-intrinsic": "^1.0.2"
      },
      "funding": {
        "url": "https://github.com/sponsors/ljharb"
      }
    },
    "node_modules/contentful-management": {
      "version": "7.50.0",
      "resolved": "https://registry.npmjs.org/contentful-management/-/contentful-management-7.50.0.tgz",
      "integrity": "sha512-6l/kwaaSbdHquCTkxregrYoNkX2sMAwPNjMAudwuLpugmWBy+3/gBGFHGvOBqhUsWPATJF14rj5vVsPIjMibIA==",
      "peer": true,
      "dependencies": {
        "@types/json-patch": "0.0.30",
        "axios": "^0.21.4",
        "contentful-sdk-core": "^6.10.4",
        "fast-copy": "^2.1.0",
        "lodash.isplainobject": "^4.0.6",
        "type-fest": "^2.5.3"
      },
      "engines": {
        "node": ">=6"
      }
    },
    "node_modules/contentful-sdk-core": {
      "version": "6.10.4",
      "resolved": "https://registry.npmjs.org/contentful-sdk-core/-/contentful-sdk-core-6.10.4.tgz",
      "integrity": "sha512-vnivU13pKqFzs/eEugqOaDkKce6ZljBkpp6l25MsG8LA1HPCQNBnIkqP5VUbwk/ub7tkHteV9HtoTnmpdvB+Zg==",
      "peer": true,
      "dependencies": {
        "fast-copy": "^2.1.0",
        "lodash.isplainobject": "^4.0.6",
        "lodash.isstring": "^4.0.1",
        "p-throttle": "^4.1.1",
        "qs": "^6.9.4"
      },
      "engines": {
        "node": ">=6"
      }
    },
    "node_modules/fast-copy": {
      "version": "2.1.1",
      "resolved": "https://registry.npmjs.org/fast-copy/-/fast-copy-2.1.1.tgz",
      "integrity": "sha512-Qod3DdRgFZ8GUIM6ygeoZYpQ0QLW9cf/FS9KhhjlYggcSZXWAemAw8BOCO5LuYCrR3Uj3qXDVTUzOUwG8C7beQ==",
      "peer": true
    },
    "node_modules/follow-redirects": {
      "version": "1.14.7",
      "resolved": "https://registry.npmjs.org/follow-redirects/-/follow-redirects-1.14.7.tgz",
      "integrity": "sha512-+hbxoLbFMbRKDwohX8GkTataGqO6Jb7jGwpAlwgy2bIz25XtRm7KEzJM76R1WiNT5SwZkX4Y75SwBolkpmE7iQ==",
      "funding": [
        {
          "type": "individual",
          "url": "https://github.com/sponsors/RubenVerborgh"
        }
      ],
      "peer": true,
      "engines": {
        "node": ">=4.0"
      },
      "peerDependenciesMeta": {
        "debug": {
          "optional": true
        }
      }
    },
    "node_modules/function-bind": {
      "version": "1.1.1",
      "resolved": "https://registry.npmjs.org/function-bind/-/function-bind-1.1.1.tgz",
      "integrity": "sha512-yIovAzMX49sF8Yl58fSCWJ5svSLuaibPxXQJFLmBObTuCr0Mf1KiPopGM9NiFjiYBCbfaa2Fh6breQ6ANVTI0A==",
      "peer": true
    },
    "node_modules/get-intrinsic": {
      "version": "1.1.1",
      "resolved": "https://registry.npmjs.org/get-intrinsic/-/get-intrinsic-1.1.1.tgz",
      "integrity": "sha512-kWZrnVM42QCiEA2Ig1bG8zjoIMOgxWwYCEeNdwY6Tv/cOSeGpcoX4pXHfKUxNKVoArnrEr2e9srnAxxGIraS9Q==",
      "peer": true,
      "dependencies": {
        "function-bind": "^1.1.1",
        "has": "^1.0.3",
        "has-symbols": "^1.0.1"
      },
      "funding": {
        "url": "https://github.com/sponsors/ljharb"
      }
    },
    "node_modules/has": {
      "version": "1.0.3",
      "resolved": "https://registry.npmjs.org/has/-/has-1.0.3.tgz",
      "integrity": "sha512-f2dvO0VU6Oej7RkWJGrehjbzMAjFp5/VKPp5tTpWIV4JHHZK1/BxbFRtf/siA2SWTe09caDmVtYYzWEIbBS4zw==",
      "peer": true,
      "dependencies": {
        "function-bind": "^1.1.1"
      },
      "engines": {
        "node": ">= 0.4.0"
      }
    },
    "node_modules/has-symbols": {
      "version": "1.0.2",
      "resolved": "https://registry.npmjs.org/has-symbols/-/has-symbols-1.0.2.tgz",
      "integrity": "sha512-chXa79rL/UC2KlX17jo3vRGz0azaWEx5tGqZg5pO3NUyEJVB17dMruQlzCCOfUvElghKcm5194+BCRvi2Rv/Gw==",
      "peer": true,
      "engines": {
        "node": ">= 0.4"
      },
      "funding": {
        "url": "https://github.com/sponsors/ljharb"
      }
    },
    "node_modules/lodash.isplainobject": {
      "version": "4.0.6",
      "resolved": "https://registry.npmjs.org/lodash.isplainobject/-/lodash.isplainobject-4.0.6.tgz",
      "integrity": "sha1-fFJqUtibRcRcxpC4gWO+BJf1UMs=",
      "peer": true
    },
    "node_modules/lodash.isstring": {
      "version": "4.0.1",
      "resolved": "https://registry.npmjs.org/lodash.isstring/-/lodash.isstring-4.0.1.tgz",
      "integrity": "sha1-1SfftUVuynzJu5XV2ur4i6VKVFE=",
      "peer": true
    },
    "node_modules/object-inspect": {
      "version": "1.12.0",
      "resolved": "https://registry.npmjs.org/object-inspect/-/object-inspect-1.12.0.tgz",
      "integrity": "sha512-Ho2z80bVIvJloH+YzRmpZVQe87+qASmBUKZDWgx9cu+KDrX2ZDH/3tMy+gXbZETVGs2M8YdxObOh7XAtim9Y0g==",
      "peer": true,
      "funding": {
        "url": "https://github.com/sponsors/ljharb"
      }
    },
    "node_modules/p-throttle": {
      "version": "4.1.1",
      "resolved": "https://registry.npmjs.org/p-throttle/-/p-throttle-4.1.1.tgz",
      "integrity": "sha512-TuU8Ato+pRTPJoDzYD4s7ocJYcNSEZRvlxoq3hcPI2kZDZ49IQ1Wkj7/gDJc3X7XiEAAvRGtDzdXJI0tC3IL1g==",
      "peer": true,
      "engines": {
        "node": ">=10"
      },
      "funding": {
        "url": "https://github.com/sponsors/sindresorhus"
      }
    },
    "node_modules/qs": {
      "version": "6.10.3",
      "resolved": "https://registry.npmjs.org/qs/-/qs-6.10.3.tgz",
      "integrity": "sha512-wr7M2E0OFRfIfJZjKGieI8lBKb7fRCH4Fv5KNPEs7gJ8jadvotdsS08PzOKR7opXhZ/Xkjtt3WF9g38drmyRqQ==",
      "peer": true,
      "dependencies": {
        "side-channel": "^1.0.4"
      },
      "engines": {
        "node": ">=0.6"
      },
      "funding": {
        "url": "https://github.com/sponsors/ljharb"
      }
    },
    "node_modules/side-channel": {
      "version": "1.0.4",
      "resolved": "https://registry.npmjs.org/side-channel/-/side-channel-1.0.4.tgz",
      "integrity": "sha512-q5XPytqFEIKHkGdiMIrY10mvLRvnQh42/+GoBlFW3b2LXLE2xxJpZFdm94we0BaoV3RwJyGqg5wS7epxTv0Zvw==",
      "peer": true,
      "dependencies": {
        "call-bind": "^1.0.0",
        "get-intrinsic": "^1.0.2",
        "object-inspect": "^1.9.0"
      },
      "funding": {
        "url": "https://github.com/sponsors/ljharb"
      }
    },
    "node_modules/type-fest": {
      "version": "2.9.0",
      "resolved": "https://registry.npmjs.org/type-fest/-/type-fest-2.9.0.tgz",
      "integrity": "sha512-uC0hJKi7eAGXUJ/YKk53RhnKxMwzHWgzf4t92oz8Qez28EBgVTfpDTB59y9hMYLzc/Wl85cD7Tv1hLZZoEJtrg==",
      "peer": true,
      "engines": {
        "node": ">=12.20"
      },
      "funding": {
        "url": "https://github.com/sponsors/sindresorhus"
      }
    }
  },
  "dependencies": {
    "@contentful/app-sdk": {
      "version": "4.3.1",
      "resolved": "https://registry.npmjs.org/@contentful/app-sdk/-/app-sdk-4.3.1.tgz",
      "integrity": "sha512-Fr8+sgvtZaDffHyYHI+So7S7CV9nmLVx9d3ebcHAdTip5nRYQV/HpKH3JdFYjNyCixOISa9SZ5BnxF8IgQHGSQ==",
      "requires": {}
    },
    "@types/json-patch": {
      "version": "0.0.30",
      "resolved": "https://registry.npmjs.org/@types/json-patch/-/json-patch-0.0.30.tgz",
      "integrity": "sha512-MhCUjojzDhVLnZnxwPwa+rETFRDQ0ffjxYdrqOP6TBO2O0/Z64PV5tNeYApo4bc4y4frbWOrRwv/eEkXlI13Rw==",
      "peer": true
    },
    "axios": {
      "version": "0.21.4",
      "resolved": "https://registry.npmjs.org/axios/-/axios-0.21.4.tgz",
      "integrity": "sha512-ut5vewkiu8jjGBdqpM44XxjuCjq9LAKeHVmoVfHVzy8eHgxxq8SbAVQNovDA8mVi05kP0Ea/n/UzcSHcTJQfNg==",
      "peer": true,
      "requires": {
        "follow-redirects": "^1.14.0"
      }
    },
    "call-bind": {
      "version": "1.0.2",
      "resolved": "https://registry.npmjs.org/call-bind/-/call-bind-1.0.2.tgz",
      "integrity": "sha512-7O+FbCihrB5WGbFYesctwmTKae6rOiIzmz1icreWJ+0aA7LJfuqhEso2T9ncpcFtzMQtzXf2QGGueWJGTYsqrA==",
      "peer": true,
      "requires": {
        "function-bind": "^1.1.1",
        "get-intrinsic": "^1.0.2"
      }
    },
    "contentful-management": {
      "version": "7.50.0",
      "resolved": "https://registry.npmjs.org/contentful-management/-/contentful-management-7.50.0.tgz",
      "integrity": "sha512-6l/kwaaSbdHquCTkxregrYoNkX2sMAwPNjMAudwuLpugmWBy+3/gBGFHGvOBqhUsWPATJF14rj5vVsPIjMibIA==",
      "peer": true,
      "requires": {
        "@types/json-patch": "0.0.30",
        "axios": "^0.21.4",
        "contentful-sdk-core": "^6.10.4",
        "fast-copy": "^2.1.0",
        "lodash.isplainobject": "^4.0.6",
        "type-fest": "^2.5.3"
      }
    },
    "contentful-sdk-core": {
      "version": "6.10.4",
      "resolved": "https://registry.npmjs.org/contentful-sdk-core/-/contentful-sdk-core-6.10.4.tgz",
      "integrity": "sha512-vnivU13pKqFzs/eEugqOaDkKce6ZljBkpp6l25MsG8LA1HPCQNBnIkqP5VUbwk/ub7tkHteV9HtoTnmpdvB+Zg==",
      "peer": true,
      "requires": {
        "fast-copy": "^2.1.0",
        "lodash.isplainobject": "^4.0.6",
        "lodash.isstring": "^4.0.1",
        "p-throttle": "^4.1.1",
        "qs": "^6.9.4"
      }
    },
    "fast-copy": {
      "version": "2.1.1",
      "resolved": "https://registry.npmjs.org/fast-copy/-/fast-copy-2.1.1.tgz",
      "integrity": "sha512-Qod3DdRgFZ8GUIM6ygeoZYpQ0QLW9cf/FS9KhhjlYggcSZXWAemAw8BOCO5LuYCrR3Uj3qXDVTUzOUwG8C7beQ==",
      "peer": true
    },
    "follow-redirects": {
      "version": "1.14.7",
      "resolved": "https://registry.npmjs.org/follow-redirects/-/follow-redirects-1.14.7.tgz",
      "integrity": "sha512-+hbxoLbFMbRKDwohX8GkTataGqO6Jb7jGwpAlwgy2bIz25XtRm7KEzJM76R1WiNT5SwZkX4Y75SwBolkpmE7iQ==",
      "peer": true
    },
    "function-bind": {
      "version": "1.1.1",
      "resolved": "https://registry.npmjs.org/function-bind/-/function-bind-1.1.1.tgz",
      "integrity": "sha512-yIovAzMX49sF8Yl58fSCWJ5svSLuaibPxXQJFLmBObTuCr0Mf1KiPopGM9NiFjiYBCbfaa2Fh6breQ6ANVTI0A==",
      "peer": true
    },
    "get-intrinsic": {
      "version": "1.1.1",
      "resolved": "https://registry.npmjs.org/get-intrinsic/-/get-intrinsic-1.1.1.tgz",
      "integrity": "sha512-kWZrnVM42QCiEA2Ig1bG8zjoIMOgxWwYCEeNdwY6Tv/cOSeGpcoX4pXHfKUxNKVoArnrEr2e9srnAxxGIraS9Q==",
      "peer": true,
      "requires": {
        "function-bind": "^1.1.1",
        "has": "^1.0.3",
        "has-symbols": "^1.0.1"
      }
    },
    "has": {
      "version": "1.0.3",
      "resolved": "https://registry.npmjs.org/has/-/has-1.0.3.tgz",
      "integrity": "sha512-f2dvO0VU6Oej7RkWJGrehjbzMAjFp5/VKPp5tTpWIV4JHHZK1/BxbFRtf/siA2SWTe09caDmVtYYzWEIbBS4zw==",
      "peer": true,
      "requires": {
        "function-bind": "^1.1.1"
      }
    },
    "has-symbols": {
      "version": "1.0.2",
      "resolved": "https://registry.npmjs.org/has-symbols/-/has-symbols-1.0.2.tgz",
      "integrity": "sha512-chXa79rL/UC2KlX17jo3vRGz0azaWEx5tGqZg5pO3NUyEJVB17dMruQlzCCOfUvElghKcm5194+BCRvi2Rv/Gw==",
      "peer": true
    },
    "lodash.isplainobject": {
      "version": "4.0.6",
      "resolved": "https://registry.npmjs.org/lodash.isplainobject/-/lodash.isplainobject-4.0.6.tgz",
      "integrity": "sha1-fFJqUtibRcRcxpC4gWO+BJf1UMs=",
      "peer": true
    },
    "lodash.isstring": {
      "version": "4.0.1",
      "resolved": "https://registry.npmjs.org/lodash.isstring/-/lodash.isstring-4.0.1.tgz",
      "integrity": "sha1-1SfftUVuynzJu5XV2ur4i6VKVFE=",
      "peer": true
    },
    "object-inspect": {
      "version": "1.12.0",
      "resolved": "https://registry.npmjs.org/object-inspect/-/object-inspect-1.12.0.tgz",
      "integrity": "sha512-Ho2z80bVIvJloH+YzRmpZVQe87+qASmBUKZDWgx9cu+KDrX2ZDH/3tMy+gXbZETVGs2M8YdxObOh7XAtim9Y0g==",
      "peer": true
    },
    "p-throttle": {
      "version": "4.1.1",
      "resolved": "https://registry.npmjs.org/p-throttle/-/p-throttle-4.1.1.tgz",
      "integrity": "sha512-TuU8Ato+pRTPJoDzYD4s7ocJYcNSEZRvlxoq3hcPI2kZDZ49IQ1Wkj7/gDJc3X7XiEAAvRGtDzdXJI0tC3IL1g==",
      "peer": true
    },
    "qs": {
      "version": "6.10.3",
      "resolved": "https://registry.npmjs.org/qs/-/qs-6.10.3.tgz",
      "integrity": "sha512-wr7M2E0OFRfIfJZjKGieI8lBKb7fRCH4Fv5KNPEs7gJ8jadvotdsS08PzOKR7opXhZ/Xkjtt3WF9g38drmyRqQ==",
      "peer": true,
      "requires": {
        "side-channel": "^1.0.4"
      }
    },
    "side-channel": {
      "version": "1.0.4",
      "resolved": "https://registry.npmjs.org/side-channel/-/side-channel-1.0.4.tgz",
      "integrity": "sha512-q5XPytqFEIKHkGdiMIrY10mvLRvnQh42/+GoBlFW3b2LXLE2xxJpZFdm94we0BaoV3RwJyGqg5wS7epxTv0Zvw==",
      "peer": true,
      "requires": {
        "call-bind": "^1.0.0",
        "get-intrinsic": "^1.0.2",
        "object-inspect": "^1.9.0"
      }
    },
    "type-fest": {
      "version": "2.9.0",
      "resolved": "https://registry.npmjs.org/type-fest/-/type-fest-2.9.0.tgz",
      "integrity": "sha512-uC0hJKi7eAGXUJ/YKk53RhnKxMwzHWgzf4t92oz8Qez28EBgVTfpDTB59y9hMYLzc/Wl85cD7Tv1hLZZoEJtrg==",
      "peer": true
    }
  }
}
